
Microsoft Visual Studio Solution File, Format Version 12.00
# Visual Studio Version 16
VisualStudioVersion = 16.0.29806.167
MinimumVisualStudioVersion = 10.0.40219.1
Project("{FAE04EC0-301F-11D3-BF4B-00C04F79EFBC}") = "Test_WPF_Styles", "Test_WPF_Styles\Test_WPF_Styles.csproj", "{28AF6889-5E92-40D0-B3F5-85638EF83098}"
EndProject
Global
	GlobalSection(SolutionConfigurationPlatforms) = preSolution
		Debug|Any CPU = Debug|Any CPU
		Release|Any CPU = Release|Any CPU
	EndGlobalSection
	GlobalSection(ProjectConfigurationPlatforms) = postSolution
		{28AF6889-5E92-40D0-B3F5-85638EF83098}.Debug|Any CPU.ActiveCfg = Debug|Any CPU
		{28AF6889-5E92-40D0-B3F5-85638EF83098}.Debug|Any CPU.Build.0 = Debug|Any CPU
		{28AF6889-5E92-40D0-B3F5-85638EF83098}.Release|Any CPU.ActiveCfg = Release|Any CPU
		{28AF6889-5E92-40D0-B3F5-85638EF83098}.Release|Any CPU.Build.0 = Release|Any CPU
	EndGlobalSection
	GlobalSection(SolutionProperties) = preSolution
		HideSolutionNode = FALSE
	EndGlobalSection
	GlobalSection(ExtensibilityGlobals) = postSolution
		SolutionGuid = {0907CCDE-3ADF-4408-A9F6-F991F7FC2183}
	EndGlobalSection
EndGlobal
